
Microsoft Visual Studio Solution File, Format Version 12.00
# Visual Studio 15
VisualStudioVersion = 15.0.26730.10
MinimumVisualStudioVersion = 10.0.40219.1
Project("{9A19103F-16F7-4668-BE54-9A1E7A4F7556}") = "HultansPizzeria", "HultansPizzeria\HultansPizzeria.csproj", "{0C7DCAB5-3F4C-4D64-A9BA-AA185CFB240D}"
EndProject
Project("{FAE04EC0-301F-11D3-BF4B-00C04F79EFBC}") = "HultansPizzeria.UnitTests", "HultansPizzeria.UnitTests\HultansPizzeria.UnitTests.csproj", "{28CC6A03-9DED-4519-B976-F140C6D4D472}"
EndProject
Global
	GlobalSection(SolutionConfigurationPlatforms) = preSolution
		Debug|Any CPU = Debug|Any CPU
		Release|Any CPU = Release|Any CPU
	EndGlobalSection
	GlobalSection(ProjectConfigurationPlatforms) = postSolution
		{0C7DCAB5-3F4C-4D64-A9BA-AA185CFB240D}.Debug|Any CPU.ActiveCfg = Debug|Any CPU
		{0C7DCAB5-3F4C-4D64-A9BA-AA185CFB240D}.Debug|Any CPU.Build.0 = Debug|Any CPU
		{0C7DCAB5-3F4C-4D64-A9BA-AA185CFB240D}.Release|Any CPU.ActiveCfg = Release|Any CPU
		{0C7DCAB5-3F4C-4D64-A9BA-AA185CFB240D}.Release|Any CPU.Build.0 = Release|Any CPU
		{28CC6A03-9DED-4519-B976-F140C6D4D472}.Debug|Any CPU.ActiveCfg = Debug|Any CPU
		{28CC6A03-9DED-4519-B976-F140C6D4D472}.Debug|Any CPU.Build.0 = Debug|Any CPU
		{28CC6A03-9DED-4519-B976-F140C6D4D472}.Release|Any CPU.ActiveCfg = Release|Any CPU
		{28CC6A03-9DED-4519-B976-F140C6D4D472}.Release|Any CPU.Build.0 = Release|Any CPU
	EndGlobalSection
	GlobalSection(SolutionProperties) = preSolution
		HideSolutionNode = FALSE
	EndGlobalSection
	GlobalSection(ExtensibilityGlobals) = postSolution
		SolutionGuid = {4DA93F05-A215-4231-8393-9C4F5693DE92}
	EndGlobalSection
EndGlobal
